{
  "name": "skioutlet_frontity",
  "version": "1.0.0",
  "lockfileVersion": 2,
  "requires": true,
  "packages": {
    "packages/skioutlet-theme": {
      "version": "1.0.0",
      "extraneous": true,
      "license": "Apache-2.0",
      "dependencies": {
        "frontity": "^1.17.2"
      }
    }
  }
}
